
Microsoft Visual Studio Solution File, Format Version 12.00
# Visual Studio 15
VisualStudioVersion = 15.0.28307.1022
MinimumVisualStudioVersion = 10.0.40219.1
Project("{FAE04EC0-301F-11D3-BF4B-00C04F79EFBC}") = "USBorder", "USBorder\USBorder.csproj", "{8BD5A895-58E2-45DB-8E8A-8B9D944E12B2}"
EndProject
Project("{FAE04EC0-301F-11D3-BF4B-00C04F79EFBC}") = "OrderUSB", "orderUSB\OrderUSB.csproj", "{A87646C6-C72F-4DFE-AA7F-D827114823A4}"
EndProject
Project("{54435603-DBB4-11D2-8724-00A0C9A8B90C}") = "USBorderSetup", "USBorderSetup\USBorderSetup.vdproj", "{1CE659B8-2CF0-4757-A60B-C8A41C3469E6}"
EndProject
Global
	GlobalSection(SolutionConfigurationPlatforms) = preSolution
		Debug|Any CPU = Debug|Any CPU
		Release|Any CPU = Release|Any CPU
	EndGlobalSection
	GlobalSection(ProjectConfigurationPlatforms) = postSolution
		{8BD5A895-58E2-45DB-8E8A-8B9D944E12B2}.Debug|Any CPU.ActiveCfg = Debug|Any CPU
		{8BD5A895-58E2-45DB-8E8A-8B9D944E12B2}.Debug|Any CPU.Build.0 = Debug|Any CPU
		{8BD5A895-58E2-45DB-8E8A-8B9D944E12B2}.Release|Any CPU.ActiveCfg = Release|Any CPU
		{8BD5A895-58E2-45DB-8E8A-8B9D944E12B2}.Release|Any CPU.Build.0 = Release|Any CPU
		{A87646C6-C72F-4DFE-AA7F-D827114823A4}.Debug|Any CPU.ActiveCfg = Debug|Any CPU
		{A87646C6-C72F-4DFE-AA7F-D827114823A4}.Debug|Any CPU.Build.0 = Debug|Any CPU
		{A87646C6-C72F-4DFE-AA7F-D827114823A4}.Release|Any CPU.ActiveCfg = Release|Any CPU
		{A87646C6-C72F-4DFE-AA7F-D827114823A4}.Release|Any CPU.Build.0 = Release|Any CPU
		{1CE659B8-2CF0-4757-A60B-C8A41C3469E6}.Debug|Any CPU.ActiveCfg = Debug
		{1CE659B8-2CF0-4757-A60B-C8A41C3469E6}.Release|Any CPU.ActiveCfg = Release
	EndGlobalSection
	GlobalSection(SolutionProperties) = preSolution
		HideSolutionNode = FALSE
	EndGlobalSection
	GlobalSection(ExtensibilityGlobals) = postSolution
		SolutionGuid = {011DF340-7172-4044-A92E-CE73E804912A}
	EndGlobalSection
EndGlobal
